
Microsoft Visual Studio Solution File, Format Version 12.00
# Visual Studio Version 17
VisualStudioVersion = 17.13.35825.156 d17.13
MinimumVisualStudioVersion = 10.0.40219.1
Project("{FAE04EC0-301F-11D3-BF4B-00C04F79EFBC}") = "Minesweeper", "Minesweeper\Minesweeper.csproj", "{FBB5E1DF-99E7-4122-896C-12BE00B441E1}"
EndProject
Global
	GlobalSection(SolutionConfigurationPlatforms) = preSolution
		Debug|Any CPU = Debug|Any CPU
		Release|Any CPU = Release|Any CPU
	EndGlobalSection
	GlobalSection(ProjectConfigurationPlatforms) = postSolution
		{FBB5E1DF-99E7-4122-896C-12BE00B441E1}.Debug|Any CPU.ActiveCfg = Debug|Any CPU
		{FBB5E1DF-99E7-4122-896C-12BE00B441E1}.Debug|Any CPU.Build.0 = Debug|Any CPU
		{FBB5E1DF-99E7-4122-896C-12BE00B441E1}.Release|Any CPU.ActiveCfg = Release|Any CPU
		{FBB5E1DF-99E7-4122-896C-12BE00B441E1}.Release|Any CPU.Build.0 = Release|Any CPU
	EndGlobalSection
	GlobalSection(SolutionProperties) = preSolution
		HideSolutionNode = FALSE
	EndGlobalSection
	GlobalSection(ExtensibilityGlobals) = postSolution
		SolutionGuid = {AEB67059-E055-471F-A13A-77CC6BCA1EFB}
	EndGlobalSection
EndGlobal
